dependencies:
  espressif/dl_fft:
    component_hash: a955ca29581de2177ddf25759273bd83f082b3c805e735fe6ee105858643989b
    dependencies:
    - name: idf
      require: private
      version: '>=5.0'
    source:
      registry_url: https://components.espressif.com
      type: service
    version: 0.6.0
  espressif/esp-dl:
    component_hash: 0d5dd7fadd04854a82e1404f871e16980002a46dfe9796e52626d3c8d6566ad2
    dependencies:
    - name: espressif/dl_fft
      registry_url: https://components.espressif.com
      require: private
      version: '>=0.6.0'
    - name: espressif/esp_new_jpeg
      registry_url: https://components.espressif.com
      require: private
      version: ^1
    - name: idf
      require: private
      version: '*'
    source:
      registry_url: https://components.espressif.com
      type: service
    targets:
    - esp32
    - esp32c2
    - esp32c3
    - esp32c5
    - esp32c6
    - esp32p4
    - esp32s2
    - esp32s3
    - esp32s31
    version: 3.3.9
  espressif/esp32-camera:
    component_hash: bc9c8a6b51df777a014fa295825b3de5069bc0300c317acff20c97cf4a10ac7d
    dependencies:
    - name: espressif/esp_jpeg
      registry_url: https://components.espressif.com
      require: public
      version: ^1.3.1
    - name: idf
      require: private
      version: '>=5.1'
    source:
      registry_url: https://components.espressif.com/
      type: service
    version: 2.1.7
  espressif/esp_jpeg:
    component_hash: defb83669293cbf86d0fa86b475ba5517aceed04ed70db435388c151ab37b5d7
    dependencies:
    - name: idf
      require: private
      version: '>=5.0'
    source:
      registry_url: https://components.espressif.com
      type: service
    version: 1.3.1
  espressif/esp_new_jpeg:
    component_hash: e1e7e6991193c41ed6c9fc386702aa7821433319e7aa9c3147cd3236310cd69c
    dependencies: []
    source:
      registry_url: https://components.espressif.com
      type: service
    targets:
    - esp32
    - esp32s2
    - esp32s3
    - esp32s31
    - esp32p4
    - esp32c2
    - esp32c3
    - esp32c5
    - esp32c6
    - esp32c61
    - esp32h4
    version: 1.0.2
  espressif/human_face_detect:
    component_hash: a413ff0571a9823e82cc391e633bedae5f43cb950611e5ed3439a77ab754808b
    dependencies:
    - name: espressif/esp-dl
      registry_url: https://components.espressif.com
      require: private
      version: ~3.3.0
    source:
      registry_url: https://components.espressif.com/
      type: service
    version: 0.5.0
  espressif/mdns:
    component_hash: e81ca7a7f53ea34e78274df054da692c272e1315572876b237b1748e267c013b
    dependencies:
    - name: idf
      require: private
      version: '>=5.0'
    source:
      registry_url: https://components.espressif.com/
      type: service
    version: 1.11.3
  espressif/quirc:
    component_hash: 3be250a06364f0d71a7903b66ac93084d2ce3998c2e75a168b9f1f0621dd6218
    dependencies:
    - name: idf
      require: private
      version: '>=4.3.0'
    source:
      registry_url: https://components.espressif.com/
      type: service
    version: 1.2.0
  idf:
    source:
      type: idf
    version: 5.5.4
  nanopb:
    component_hash: f76f74d1129f3b69297b085872d3ef8166972d30aaf2a368a2eb17d77b65888c
    dependencies: []
    source:
      git: git@github.com:wendylabsinc/wendy-lite.git
      path: components/nanopb
      type: git
    version: ffd9914d21a6aeb29eef9bf68006417193356d8d
  wendy_ble_prov:
    component_hash: 9a1f5d30220816b4b56f8178fce2a52c09a7e6ef94e495c211708b6932f32619
    dependencies: []
    source:
      git: git@github.com:wendylabsinc/wendy-lite.git
      path: components/wendy_ble_prov
      type: git
    version: ffd9914d21a6aeb29eef9bf68006417193356d8d
  wendy_cloud:
    component_hash: 864f6b024e35ef86ab99c00da071403e6674056a3c0aed395f653e1948b5988f
    dependencies:
    - git: git@github.com:wendylabsinc/wendy-lite.git
      name: wendy_conf
      path: components/wendy_conf
      version: ffd9914d21a6aeb29eef9bf68006417193356d8d
    source:
      git: git@github.com:wendylabsinc/wendy-lite.git
      path: components/wendy_cloud
      type: git
    version: ffd9914d21a6aeb29eef9bf68006417193356d8d
  wendy_cloud_prov:
    component_hash: d6fe5d3575528fbbaa389bda982fb0d8658a79865c608203b69b37fe2dc2c7fa
    dependencies: []
    source:
      git: git@github.com:wendylabsinc/wendy-lite.git
      path: components/wendy_cloud_prov
      type: git
    version: ffd9914d21a6aeb29eef9bf68006417193356d8d
  wendy_com:
    component_hash: 5ee430c2480016d6c55daf397ce1194c59a5c1c60e4f1dd454b91cdfa1ab3ffd
    dependencies:
    - git: git@github.com:wendylabsinc/wendy-lite.git
      name: nanopb
      path: components/nanopb
      version: ffd9914d21a6aeb29eef9bf68006417193356d8d
    source:
      git: git@github.com:wendylabsinc/wendy-lite.git
      path: components/wendy_com
      type: git
    version: ffd9914d21a6aeb29eef9bf68006417193356d8d
  wendy_conf:
    component_hash: f9fa1808ca365c9406bfc2c731dfcfcd077f26de7978397f7c858d41bc77cb5b
    dependencies:
    - git: git@github.com:wendylabsinc/wendy-lite.git
      name: nanopb
      path: components/nanopb
      version: ffd9914d21a6aeb29eef9bf68006417193356d8d
    source:
      git: git@github.com:wendylabsinc/wendy-lite.git
      path: components/wendy_conf
      type: git
    version: ffd9914d21a6aeb29eef9bf68006417193356d8d
  wendy_core:
    component_hash: 59587df4548fcd7c74b9ead1a40395efd6181eea446cf744e0650f27dd3ddf1d
    dependencies:
    - git: git@github.com:wendylabsinc/wendy-lite.git
      name: wendy_conf
      path: components/wendy_conf
      version: ffd9914d21a6aeb29eef9bf68006417193356d8d
    - git: git@github.com:wendylabsinc/wendy-lite.git
      name: wendy_stdio
      path: components/wendy_stdio
      version: ffd9914d21a6aeb29eef9bf68006417193356d8d
    - git: git@github.com:wendylabsinc/wendy-lite.git
      name: wendy_wasm
      path: components/wendy_wasm
      rules:
      - if: $CONFIG{WENDY_CORE_WASM_APP_SUPPORT} == True
      version: ffd9914d21a6aeb29eef9bf68006417193356d8d
    - git: git@github.com:wendylabsinc/wendy-lite.git
      name: wendy_hal
      path: components/wendy_hal
      rules:
      - if: $CONFIG{WENDY_CORE_WASM_APP_SUPPORT} == True
      version: ffd9914d21a6aeb29eef9bf68006417193356d8d
    - git: git@github.com:wendylabsinc/wendy-lite.git
      name: wendy_hal_export
      path: components/wendy_hal_export
      rules:
      - if: $CONFIG{WENDY_CORE_WASM_APP_SUPPORT} == True
      version: ffd9914d21a6aeb29eef9bf68006417193356d8d
    - git: git@github.com:wendylabsinc/wendy-lite.git
      name: wendy_usb
      path: components/wendy_usb
      version: ffd9914d21a6aeb29eef9bf68006417193356d8d
    - git: git@github.com:wendylabsinc/wendy-lite.git
      name: wendy_usj
      path: components/wendy_usj
      version: ffd9914d21a6aeb29eef9bf68006417193356d8d
    - git: git@github.com:wendylabsinc/wendy-lite.git
      name: wendy_wifi
      path: components/wendy_wifi
      version: ffd9914d21a6aeb29eef9bf68006417193356d8d
    - git: git@github.com:wendylabsinc/wendy-lite.git
      name: wendy_ble_prov
      path: components/wendy_ble_prov
      version: ffd9914d21a6aeb29eef9bf68006417193356d8d
    - git: git@github.com:wendylabsinc/wendy-lite.git
      name: wendy_cloud_prov
      path: components/wendy_cloud_prov
      version: ffd9914d21a6aeb29eef9bf68006417193356d8d
    source:
      git: git@github.com:wendylabsinc/wendy-lite.git
      path: components/wendy_core
      type: git
    version: ffd9914d21a6aeb29eef9bf68006417193356d8d
  wendy_server:
    component_hash: 048c84c505ca4cdd68b0e23abe6e02294c908297bd5d8862612d9a9104db333a
    dependencies:
    - name: espressif/mdns
      version: '*'
    - git: git@github.com:wendylabsinc/wendy-lite.git
      name: wendy_com
      path: components/wendy_com
      version: ffd9914d21a6aeb29eef9bf68006417193356d8d
    - git: git@github.com:wendylabsinc/wendy-lite.git
      name: wendy_conf
      path: components/wendy_conf
      version: ffd9914d21a6aeb29eef9bf68006417193356d8d
    source:
      git: git@github.com:wendylabsinc/wendy-lite.git
      path: components/wendy_server
      type: git
    version: ffd9914d21a6aeb29eef9bf68006417193356d8d
  wendy_stdio:
    component_hash: 37ae3c923ad70d7b7874b23db25452994fe58429bc007b7a13ee3bd2b55ca706
    dependencies: []
    source:
      git: git@github.com:wendylabsinc/wendy-lite.git
      path: components/wendy_stdio
      type: git
    version: ffd9914d21a6aeb29eef9bf68006417193356d8d
  wendy_usb:
    component_hash: dbb03299af161d359fdc8b6fb3fcc6cbd991e491278211f23510e6e0914f0dfa
    dependencies: []
    source:
      git: git@github.com:wendylabsinc/wendy-lite.git
      path: components/wendy_usb
      type: git
    version: ffd9914d21a6aeb29eef9bf68006417193356d8d
  wendy_usj:
    component_hash: faa87d24fcc949320f1d610fe6745c0abb8df84e02331cb26085be8ba097d1b4
    dependencies:
    - git: git@github.com:wendylabsinc/wendy-lite.git
      name: wendy_com
      path: components/wendy_com
      version: ffd9914d21a6aeb29eef9bf68006417193356d8d
    - git: git@github.com:wendylabsinc/wendy-lite.git
      name: wendy_stdio
      path: components/wendy_stdio
      version: ffd9914d21a6aeb29eef9bf68006417193356d8d
    - git: git@github.com:wendylabsinc/wendy-lite.git
      name: nanopb
      path: components/nanopb
      version: ffd9914d21a6aeb29eef9bf68006417193356d8d
    source:
      git: git@github.com:wendylabsinc/wendy-lite.git
      path: components/wendy_usj
      type: git
    version: ffd9914d21a6aeb29eef9bf68006417193356d8d
  wendy_wifi:
    component_hash: ca3078ee1591d7821f5cff33ba5cfb7188bbfbdb3bcb435184d24811bf0c5e51
    dependencies:
    - name: idf
      version: '>=5.1.0'
    - name: espressif/mdns
      version: '*'
    - git: git@github.com:wendylabsinc/wendy-lite.git
      name: wendy_cloud_prov
      path: components/wendy_cloud_prov
      version: ffd9914d21a6aeb29eef9bf68006417193356d8d
    - git: git@github.com:wendylabsinc/wendy-lite.git
      name: wendy_com
      path: components/wendy_com
      version: ffd9914d21a6aeb29eef9bf68006417193356d8d
    - git: git@github.com:wendylabsinc/wendy-lite.git
      name: wendy_server
      path: components/wendy_server
      version: ffd9914d21a6aeb29eef9bf68006417193356d8d
    - git: git@github.com:wendylabsinc/wendy-lite.git
      name: wendy_cloud
      path: components/wendy_cloud
      version: ffd9914d21a6aeb29eef9bf68006417193356d8d
    - git: git@github.com:wendylabsinc/wendy-lite.git
      name: wendy_conf
      path: components/wendy_conf
      version: ffd9914d21a6aeb29eef9bf68006417193356d8d
    source:
      git: git@github.com:wendylabsinc/wendy-lite.git
      path: components/wendy_wifi
      type: git
    version: ffd9914d21a6aeb29eef9bf68006417193356d8d
direct_dependencies:
- espressif/esp32-camera
- espressif/human_face_detect
- espressif/quirc
- idf
- wendy_core
manifest_hash: f6a3baf86dc950388ba8a507f2e5357564319bd29d77500e403eda1bee5259c8
target: esp32s3
version: 2.0.0
